PODS:
  - Reveal-SDK (4)
  - RxCocoa (5.1.0):
    - RxRelay (~> 5)
    - RxSwift (~> 5)
  - RxRelay (5.1.1):
    - RxSwift (~> 5)
  - RxSwift (5.1.0)
  - SnapKit (4.0.1)

DEPENDENCIES:
  - Reveal-SDK (~> 4.0)
  - RxCocoa (= 5.1.0)
  - RxSwift (= 5.1.0)
  - SnapKit (~> 4.0.0)

SPEC REPOS:
  https://cdn.cocoapods.org/:
    - Reveal-SDK
    - RxCocoa
    - RxRelay
    - RxSwift
    - SnapKit

SPEC CHECKSUMS:
  Reveal-SDK: 178c927f1a3230648d3a92b96f6e730a35b2750a
  RxCocoa: 13d2a4d7546a34b8ececae8c281e4ea1dbb94f2b
  RxRelay: d77f7d771495f43c556cbc43eebd1bb54d01e8e9
  RxSwift: ad5874f24bb0dbffd1e9bb8443604e3578796c7a
  SnapKit: 0de968a9fec17499afa29683b05d0c775b6d1c29

PODFILE CHECKSUM: 42200d8665073e3b2aefd325c61619109396ab83

COCOAPODS: 1.8.4
