PODS:
  - CardParts (3.1.3):
    - RxCocoa (~> 5.0)
    - RxDataSources (~> 4.0)
    - RxGesture (~> 3.0)
    - RxSwift (~> 5.0)
  - Differentiator (4.0.1)
  - Masonry (1.1.0)
  - Reveal-SDK (4)
  - RxCocoa (5.1.0):
    - RxRelay (~> 5)
    - RxSwift (~> 5)
  - RxDataSources (4.0.1):
    - Differentiator (~> 4.0)
    - RxCocoa (~> 5.0)
    - RxSwift (~> 5.0)
  - RxGesture (3.0.2):
    - RxCocoa (~> 5.1)
    - RxSwift (~> 5.1)
  - RxRelay (5.1.1):
    - RxSwift (~> 5)
  - RxSwift (5.1.0)
  - SCRAttributedStringBuilder (1.1.4):
    - SCRAttributedStringBuilder/All (= 1.1.4)
  - SCRAttributedStringBuilder/All (1.1.4):
    - SCRAttributedStringBuilder/OC
    - SCRAttributedStringBuilder/Swift
  - SCRAttributedStringBuilder/OC (1.1.4)
  - SCRAttributedStringBuilder/Swift (1.1.4)
  - SDWebImage (5.9.3):
    - SDWebImage/Core (= 5.9.3)
  - SDWebImage/Core (5.9.3)
  - SnapKit (4.0.1)
  - TTTAttributedLabel (2.0.0)

DEPENDENCIES:
  - CardParts (from `../CardParts`)
  - Masonry (= 1.1.0)
  - Reveal-SDK (~> 4.0)
  - RxCocoa (= 5.1.0)
  - RxSwift (= 5.1.0)
  - SCRAttributedStringBuilder (~> 1.0)
  - SDWebImage (~> 5.9)
  - SnapKit (~> 4.0.0)
  - TTTAttributedLabel

SPEC REPOS:
  https://cdn.cocoapods.org/:
    - Differentiator
    - Masonry
    - Reveal-SDK
    - RxCocoa
    - RxDataSources
    - RxGesture
    - RxRelay
    - RxSwift
    - SCRAttributedStringBuilder
    - SDWebImage
    - SnapKit
    - TTTAttributedLabel

EXTERNAL SOURCES:
  CardParts:
    :path: "../CardParts"

SPEC CHECKSUMS:
  CardParts: 9d54b5fae9534dac0f8f9ddf3f78132a9b3de3a0
  Differentiator: 886080237d9f87f322641dedbc5be257061b0602
  Masonry: 678fab65091a9290e40e2832a55e7ab731aad201
  Reveal-SDK: 178c927f1a3230648d3a92b96f6e730a35b2750a
  RxCocoa: 13d2a4d7546a34b8ececae8c281e4ea1dbb94f2b
  RxDataSources: efee07fa4de48477eca0a4611e6d11e2da9c1114
  RxGesture: d6bd7447ca3a596c7a9702a6a2b6a2bb5d8bae54
  RxRelay: d77f7d771495f43c556cbc43eebd1bb54d01e8e9
  RxSwift: ad5874f24bb0dbffd1e9bb8443604e3578796c7a
  SCRAttributedStringBuilder: 63c0bc0acc4197dc4bab688e12646e109324dcb3
  SDWebImage: a31ee8e90a97303529e03fb0c333eae0eacb88e9
  SnapKit: 0de968a9fec17499afa29683b05d0c775b6d1c29
  TTTAttributedLabel: 8cffe8e127e4e82ff3af1e5386d4cd0ad000b656

PODFILE CHECKSUM: a38f4f1df672dadf67dfe7397fd266ef06fcf555

COCOAPODS: 1.10.0
