// !$*UTF8*$!
{
	archiveVersion = 1;
	classes = {
	};
	objectVersion = 51;
	objects = {

/* Begin PBXBuildFile section */
		2E0C96552500947D00CD37EC /* BaseButton.swift in Sources */ = {isa = PBXBuildFile; fileRef = 2E0C96542500947D00CD37EC /* BaseButton.swift */; };
		2E0E129A2589C1E5006D5E6D /* FishNetworkUtils.swift in Sources */ = {isa = PBXBuildFile; fileRef = 2E0E12992589C1E5006D5E6D /* FishNetworkUtils.swift */; };
		2E17B09F25233635004904FC /* MainTimeLineTableCell.swift in Sources */ = {isa = PBXBuildFile; fileRef = 2E17B09E25233635004904FC /* MainTimeLineTableCell.swift */; };
		2E17B0A125234061004904FC /* TimeLimeTaskModel.swift in Sources */ = {isa = PBXBuildFile; fileRef = 2E17B0A025234061004904FC /* TimeLimeTaskModel.swift */; };
		2E5BEB5224FFEAB90068DA1B /* MainTimeLineViewController.swift in Sources */ = {isa = PBXBuildFile; fileRef = 2E5BEB5124FFEAB80068DA1B /* MainTimeLineViewController.swift */; };
		2E5BEB5624FFFABA0068DA1B /* ToastView.swift in Sources */ = {isa = PBXBuildFile; fileRef = 2E5BEB5524FFFABA0068DA1B /* ToastView.swift */; };
		2E74EC462578DF9A00776710 /* RxExerciseViewController.swift in Sources */ = {isa = PBXBuildFile; fileRef = 2E74EC452578DF9A00776710 /* RxExerciseViewController.swift */; };
		2E74EC612578FB8B00776710 /* UIFontExtension.swift in Sources */ = {isa = PBXBuildFile; fileRef = 2E74EC602578FB8B00776710 /* UIFontExtension.swift */; };
		2E79865725E6312100DA8EB2 /* FishFontUtils.swift in Sources */ = {isa = PBXBuildFile; fileRef = 2E79865625E6312100DA8EB2 /* FishFontUtils.swift */; };
		2E8496C72588638500D8B7C5 /* SwiftUIExerciseView.swift in Sources */ = {isa = PBXBuildFile; fileRef = 2E8496C62588638500D8B7C5 /* SwiftUIExerciseView.swift */; };
		2E8783B125B02FA000A1F623 /* UIViewController+Preview.swift in Sources */ = {isa = PBXBuildFile; fileRef = 2E8783B025B02FA000A1F623 /* UIViewController+Preview.swift */; };
		2E87848025B0574700A1F623 /* UIView+Preview.swift in Sources */ = {isa = PBXBuildFile; fileRef = 2E87847F25B0574700A1F623 /* UIView+Preview.swift */; };
		2E8CFAD6264B8CD6007947DC /* Notification.swift in Sources */ = {isa = PBXBuildFile; fileRef = 2E8CFAD5264B8CD6007947DC /* Notification.swift */; };
		2E8CFAD9264BBCD5007947DC /* UIViewController+TTPresentHelper.swift in Sources */ = {isa = PBXBuildFile; fileRef = 2E8CFAD8264BBCD5007947DC /* UIViewController+TTPresentHelper.swift */; };
		2E99207D2521DE9A00196FEF /* FishPermissionUtils.swift in Sources */ = {isa = PBXBuildFile; fileRef = 2E99207C2521DE9A00196FEF /* FishPermissionUtils.swift */; };
		2E9920802521F2F800196FEF /* BaseControl.swift in Sources */ = {isa = PBXBuildFile; fileRef = 2E99207F2521F2F800196FEF /* BaseControl.swift */; };
		2E9C30F3251C809700F192E8 /* FishToolBarStackView.swift in Sources */ = {isa = PBXBuildFile; fileRef = 2E9C30F2251C809700F192E8 /* FishToolBarStackView.swift */; };
		2E9C30F6251C896F00F192E8 /* FishUtils.swift in Sources */ = {isa = PBXBuildFile; fileRef = 2E9C30F5251C896F00F192E8 /* FishUtils.swift */; };
		2E9C30F8251CA60100F192E8 /* DashLine.swift in Sources */ = {isa = PBXBuildFile; fileRef = 2E9C30F7251CA60100F192E8 /* DashLine.swift */; };
		2E9C30FA251CA63F00F192E8 /* UIViewExtension.swift in Sources */ = {isa = PBXBuildFile; fileRef = 2E9C30F9251CA63F00F192E8 /* UIViewExtension.swift */; };
		2E9DD1F02590A432004CD826 /* SwiftUIObjectBindingView.swift in Sources */ = {isa = PBXBuildFile; fileRef = 2E9DD1EF2590A432004CD826 /* SwiftUIObjectBindingView.swift */; };
		2EA5DC7225B580BC00741FB6 /* SFGBaseViewController.m in Sources */ = {isa = PBXBuildFile; fileRef = 2EA5DC7025B580BC00741FB6 /* SFGBaseViewController.m */; };
		2EA830F7250F73C000E59759 /* SpringInterfaceViewController.swift in Sources */ = {isa = PBXBuildFile; fileRef = 2EA830F6250F73C000E59759 /* SpringInterfaceViewController.swift */; };
		2EA830FA250F746600E59759 /* GradientView.swift in Sources */ = {isa = PBXBuildFile; fileRef = 2EA830F9250F746600E59759 /* GradientView.swift */; };
		2EAA6D4125C0007A00817867 /* NSObject+YFDDevLog.m in Sources */ = {isa = PBXBuildFile; fileRef = 2EAA6D3D25C0007900817867 /* NSObject+YFDDevLog.m */; };
		2EAA6D4225C0007A00817867 /* UITableView+YFDDevLog.m in Sources */ = {isa = PBXBuildFile; fileRef = 2EAA6D3F25C0007A00817867 /* UITableView+YFDDevLog.m */; };
		2EAA6D6125C0064400817867 /* TestViewController.swift in Sources */ = {isa = PBXBuildFile; fileRef = 2EAA6D6025C0064400817867 /* TestViewController.swift */; };
		2EAA6D6425C0142600817867 /* SecondViewController.swift in Sources */ = {isa = PBXBuildFile; fileRef = 2EAA6D6325C0142600817867 /* SecondViewController.swift */; };
		2EAA6DFA25C16B4300817867 /* NSArray+Safe.m in Sources */ = {isa = PBXBuildFile; fileRef = 2EAA6DF925C16B4300817867 /* NSArray+Safe.m */; };
		2ECA8C4B26521888005DDEAD /* Router.swift in Sources */ = {isa = PBXBuildFile; fileRef = 2ECA8C4A26521888005DDEAD /* Router.swift */; };
		2ECA8C4E265219F0005DDEAD /* YTKRouterTransitionUtils.swift in Sources */ = {isa = PBXBuildFile; fileRef = 2ECA8C4D265219F0005DDEAD /* YTKRouterTransitionUtils.swift */; };
		2ECD68F724FD0FAF00853B7F /* FishLayoutUtils.swift in Sources */ = {isa = PBXBuildFile; fileRef = 2ECD68F624FD0FAF00853B7F /* FishLayoutUtils.swift */; };
		2EDBBE10264D31F100C5AEB5 /* UINavigationController+TTAutorotation.swift in Sources */ = {isa = PBXBuildFile; fileRef = 2EDBBE0F264D31F100C5AEB5 /* UINavigationController+TTAutorotation.swift */; };
		2EDBBE13264D37A100C5AEB5 /* FishOrientationUtils.swift in Sources */ = {isa = PBXBuildFile; fileRef = 2EDBBE12264D37A100C5AEB5 /* FishOrientationUtils.swift */; };
		2EE4113226172F7B00DF74C7 /* TestViewControllerPreview.swift in Sources */ = {isa = PBXBuildFile; fileRef = 2EE4113126172F7B00DF74C7 /* TestViewControllerPreview.swift */; };
		2EE8FAD52566189400CFF86B /* MyCardViewController.swift in Sources */ = {isa = PBXBuildFile; fileRef = 2EE8FAD42566189400CFF86B /* MyCardViewController.swift */; };
		2EF500762523191200C1C05C /* MainTimeLineDataController.swift in Sources */ = {isa = PBXBuildFile; fileRef = 2EF500752523191200C1C05C /* MainTimeLineDataController.swift */; };
		2EF842A6251B5A94009F2656 /* BaseViewController.swift in Sources */ = {isa = PBXBuildFile; fileRef = 2EF842A5251B5A94009F2656 /* BaseViewController.swift */; };
		2EFEF92824F657C100524436 /* AppDelegate.swift in Sources */ = {isa = PBXBuildFile; fileRef = 2EFEF92724F657C100524436 /* AppDelegate.swift */; };
		2EFEF92A24F657C100524436 /* SceneDelegate.swift in Sources */ = {isa = PBXBuildFile; fileRef = 2EFEF92924F657C100524436 /* SceneDelegate.swift */; };
		2EFEF92C24F657C100524436 /* ContentView.swift in Sources */ = {isa = PBXBuildFile; fileRef = 2EFEF92B24F657C100524436 /* ContentView.swift */; };
		2EFEF92E24F657C200524436 /* Assets.xcassets in Resources */ = {isa = PBXBuildFile; fileRef = 2EFEF92D24F657C200524436 /* Assets.xcassets */; };
		2EFEF93124F657C200524436 /* Preview Assets.xcassets in Resources */ = {isa = PBXBuildFile; fileRef = 2EFEF93024F657C200524436 /* Preview Assets.xcassets */; };
		2EFEF93424F657C200524436 /* LaunchScreen.storyboard in Resources */ = {isa = PBXBuildFile; fileRef = 2EFEF93224F657C200524436 /* LaunchScreen.storyboard */; };
		2EFEF93C24F7A6E300524436 /* GitHubNetworkService.swift in Sources */ = {isa = PBXBuildFile; fileRef = 2EFEF93B24F7A6E300524436 /* GitHubNetworkService.swift */; };
		2EFEF93E24F7A7BE00524436 /* ValidationResult.swift in Sources */ = {isa = PBXBuildFile; fileRef = 2EFEF93D24F7A7BE00524436 /* ValidationResult.swift */; };
		2EFEF94024F7A89700524436 /* GitHubSignupService.swift in Sources */ = {isa = PBXBuildFile; fileRef = 2EFEF93F24F7A89700524436 /* GitHubSignupService.swift */; };
		2EFEF94224F7A91100524436 /* GitHubSignupViewModel.swift in Sources */ = {isa = PBXBuildFile; fileRef = 2EFEF94124F7A91100524436 /* GitHubSignupViewModel.swift */; };
		2EFEF94424F7A92D00524436 /* BindingExtensions.swift in Sources */ = {isa = PBXBuildFile; fileRef = 2EFEF94324F7A92D00524436 /* BindingExtensions.swift */; };
		2EFEF94624F7A95A00524436 /* LoginViewController.swift in Sources */ = {isa = PBXBuildFile; fileRef = 2EFEF94524F7A95A00524436 /* LoginViewController.swift */; };
		2EFEF94924F7B18100524436 /* UIColorExtension.swift in Sources */ = {isa = PBXBuildFile; fileRef = 2EFEF94824F7B18100524436 /* UIColorExtension.swift */; };
		2EFEF94B24F7B97000524436 /* UIImageExtension.swift in Sources */ = {isa = PBXBuildFile; fileRef = 2EFEF94A24F7B97000524436 /* UIImageExtension.swift */; };
		2EFEF94D24F7B9D100524436 /* UIButtonExtension.swift in Sources */ = {isa = PBXBuildFile; fileRef = 2EFEF94C24F7B9D100524436 /* UIButtonExtension.swift */; };
		2EFEF94F24F7D03700524436 /* BaseTextField.swift in Sources */ = {isa = PBXBuildFile; fileRef = 2EFEF94E24F7D03700524436 /* BaseTextField.swift */; };
		DE926DAD32D569B2196C9590 /* Pods_Fish.framework in Frameworks */ = {isa = PBXBuildFile; fileRef = F7F3FF73A73D4561274470A7 /* Pods_Fish.framework */; };
/* End PBXBuildFile section */

/* Begin PBXFileReference section */
		2E0C96542500947D00CD37EC /* BaseButton.swift */ = {isa = PBXFileReference; lastKnownFileType = sourcecode.swift; path = BaseButton.swift; sourceTree = "<group>"; };
		2E0E12992589C1E5006D5E6D /* FishNetworkUtils.swift */ = {isa = PBXFileReference; lastKnownFileType = sourcecode.swift; path = FishNetworkUtils.swift; sourceTree = "<group>"; };
		2E17B09E25233635004904FC /* MainTimeLineTableCell.swift */ = {isa = PBXFileReference; lastKnownFileType = sourcecode.swift; path = MainTimeLineTableCell.swift; sourceTree = "<group>"; };
		2E17B0A025234061004904FC /* TimeLimeTaskModel.swift */ = {isa = PBXFileReference; lastKnownFileType = sourcecode.swift; path = TimeLimeTaskModel.swift; sourceTree = "<group>"; };
		2E57432925C27927002ADD4E /* WCMacroSafeValue.h */ = {isa = PBXFileReference; lastKnownFileType = sourcecode.c.h; path = WCMacroSafeValue.h; sourceTree = "<group>"; };
		2E57438225C27D62002ADD4E /* Fish-Bridging-Header.h */ = {isa = PBXFileReference; lastKnownFileType = sourcecode.c.h; path = "Fish-Bridging-Header.h"; sourceTree = "<group>"; };
		2E5BEB5124FFEAB80068DA1B /* MainTimeLineViewController.swift */ = {isa = PBXFileReference; lastKnownFileType = sourcecode.swift; path = MainTimeLineViewController.swift; sourceTree = "<group>"; };
		2E5BEB5524FFFABA0068DA1B /* ToastView.swift */ = {isa = PBXFileReference; lastKnownFileType = sourcecode.swift; path = ToastView.swift; sourceTree = "<group>"; };
		2E74EC452578DF9A00776710 /* RxExerciseViewController.swift */ = {isa = PBXFileReference; lastKnownFileType = sourcecode.swift; path = RxExerciseViewController.swift; sourceTree = "<group>"; };
		2E74EC602578FB8B00776710 /* UIFontExtension.swift */ = {isa = PBXFileReference; lastKnownFileType = sourcecode.swift; path = UIFontExtension.swift; sourceTree = "<group>"; };
		2E79865625E6312100DA8EB2 /* FishFontUtils.swift */ = {isa = PBXFileReference; lastKnownFileType = sourcecode.swift; path = FishFontUtils.swift; sourceTree = "<group>"; };
		2E8496C62588638500D8B7C5 /* SwiftUIExerciseView.swift */ = {isa = PBXFileReference; lastKnownFileType = sourcecode.swift; path = SwiftUIExerciseView.swift; sourceTree = "<group>"; };
		2E8783B025B02FA000A1F623 /* UIViewController+Preview.swift */ = {isa = PBXFileReference; lastKnownFileType = sourcecode.swift; path = "UIViewController+Preview.swift"; sourceTree = "<group>"; };
		2E87847F25B0574700A1F623 /* UIView+Preview.swift */ = {isa = PBXFileReference; lastKnownFileType = sourcecode.swift; path = "UIView+Preview.swift"; sourceTree = "<group>"; };
		2E8CFAD5264B8CD6007947DC /* Notification.swift */ = {isa = PBXFileReference; lastKnownFileType = sourcecode.swift; path = Notification.swift; sourceTree = "<group>"; };
		2E8CFAD8264BBCD5007947DC /* UIViewController+TTPresentHelper.swift */ = {isa = PBXFileReference; lastKnownFileType = sourcecode.swift; path = "UIViewController+TTPresentHelper.swift"; sourceTree = "<group>"; };
		2E99207C2521DE9A00196FEF /* FishPermissionUtils.swift */ = {isa = PBXFileReference; lastKnownFileType = sourcecode.swift; path = FishPermissionUtils.swift; sourceTree = "<group>"; };
		2E99207F2521F2F800196FEF /* BaseControl.swift */ = {isa = PBXFileReference; lastKnownFileType = sourcecode.swift; path = BaseControl.swift; sourceTree = "<group>"; };
		2E9C30F2251C809700F192E8 /* FishToolBarStackView.swift */ = {isa = PBXFileReference; lastKnownFileType = sourcecode.swift; path = FishToolBarStackView.swift; sourceTree = "<group>"; };
		2E9C30F5251C896F00F192E8 /* FishUtils.swift */ = {isa = PBXFileReference; lastKnownFileType = sourcecode.swift; path = FishUtils.swift; sourceTree = "<group>"; };
		2E9C30F7251CA60100F192E8 /* DashLine.swift */ = {isa = PBXFileReference; lastKnownFileType = sourcecode.swift; path = DashLine.swift; sourceTree = "<group>"; };
		2E9C30F9251CA63F00F192E8 /* UIViewExtension.swift */ = {isa = PBXFileReference; lastKnownFileType = sourcecode.swift; path = UIViewExtension.swift; sourceTree = "<group>"; };
		2E9DD1EF2590A432004CD826 /* SwiftUIObjectBindingView.swift */ = {isa = PBXFileReference; lastKnownFileType = sourcecode.swift; path = SwiftUIObjectBindingView.swift; sourceTree = "<group>"; };
		2EA5DC7025B580BC00741FB6 /* SFGBaseViewController.m */ = {isa = PBXFileReference; fileEncoding = 4; lastKnownFileType = sourcecode.c.objc; path = SFGBaseViewController.m; sourceTree = "<group>"; };
		2EA5DC7125B580BC00741FB6 /* SFGBaseViewController.h */ = {isa = PBXFileReference; fileEncoding = 4; lastKnownFileType = sourcecode.c.h; path = SFGBaseViewController.h; sourceTree = "<group>"; };
		2EA830F6250F73C000E59759 /* SpringInterfaceViewController.swift */ = {isa = PBXFileReference; lastKnownFileType = sourcecode.swift; path = SpringInterfaceViewController.swift; sourceTree = "<group>"; };
		2EA830F9250F746600E59759 /* GradientView.swift */ = {isa = PBXFileReference; lastKnownFileType = sourcecode.swift; path = GradientView.swift; sourceTree = "<group>"; };
		2EAA6D3D25C0007900817867 /* NSObject+YFDDevLog.m */ = {isa = PBXFileReference; fileEncoding = 4; lastKnownFileType = sourcecode.c.objc; path = "NSObject+YFDDevLog.m"; sourceTree = "<group>"; };
		2EAA6D3E25C0007900817867 /* NSObject+YFDDevLog.h */ = {isa = PBXFileReference; fileEncoding = 4; lastKnownFileType = sourcecode.c.h; path = "NSObject+YFDDevLog.h"; sourceTree = "<group>"; };
		2EAA6D3F25C0007A00817867 /* UITableView+YFDDevLog.m */ = {isa = PBXFileReference; fileEncoding = 4; lastKnownFileType = sourcecode.c.objc; path = "UITableView+YFDDevLog.m"; sourceTree = "<group>"; };
		2EAA6D4025C0007A00817867 /* UITableView+YFDDevLog.h */ = {isa = PBXFileReference; fileEncoding = 4; lastKnownFileType = sourcecode.c.h; path = "UITableView+YFDDevLog.h"; sourceTree = "<group>"; };
		2EAA6D6025C0064400817867 /* TestViewController.swift */ = {isa = PBXFileReference; lastKnownFileType = sourcecode.swift; path = TestViewController.swift; sourceTree = "<group>"; };
		2EAA6D6325C0142600817867 /* SecondViewController.swift */ = {isa = PBXFileReference; lastKnownFileType = sourcecode.swift; path = SecondViewController.swift; sourceTree = "<group>"; };
		2EAA6DF825C16B4300817867 /* NSArray+Safe.h */ = {isa = PBXFileReference; lastKnownFileType = sourcecode.c.h; path = "NSArray+Safe.h"; sourceTree = "<group>"; };
		2EAA6DF925C16B4300817867 /* NSArray+Safe.m */ = {isa = PBXFileReference; lastKnownFileType = sourcecode.c.objc; path = "NSArray+Safe.m"; sourceTree = "<group>"; };
		2ECA8C4A26521888005DDEAD /* Router.swift */ = {isa = PBXFileReference; lastKnownFileType = sourcecode.swift; path = Router.swift; sourceTree = "<group>"; };
		2ECA8C4D265219F0005DDEAD /* YTKRouterTransitionUtils.swift */ = {isa = PBXFileReference; lastKnownFileType = sourcecode.swift; path = YTKRouterTransitionUtils.swift; sourceTree = "<group>"; };
		2ECD68F624FD0FAF00853B7F /* FishLayoutUtils.swift */ = {isa = PBXFileReference; lastKnownFileType = sourcecode.swift; path = FishLayoutUtils.swift; sourceTree = "<group>"; };
		2EDBBE0F264D31F100C5AEB5 /* UINavigationController+TTAutorotation.swift */ = {isa = PBXFileReference; lastKnownFileType = sourcecode.swift; path = "UINavigationController+TTAutorotation.swift"; sourceTree = "<group>"; };
		2EDBBE12264D37A100C5AEB5 /* FishOrientationUtils.swift */ = {isa = PBXFileReference; lastKnownFileType = sourcecode.swift; path = FishOrientationUtils.swift; sourceTree = "<group>"; };
		2EE4113126172F7B00DF74C7 /* TestViewControllerPreview.swift */ = {isa = PBXFileReference; lastKnownFileType = sourcecode.swift; path = TestViewControllerPreview.swift; sourceTree = "<group>"; };
		2EE8FAD42566189400CFF86B /* MyCardViewController.swift */ = {isa = PBXFileReference; lastKnownFileType = sourcecode.swift; path = MyCardViewController.swift; sourceTree = "<group>"; };
		2EF500752523191200C1C05C /* MainTimeLineDataController.swift */ = {isa = PBXFileReference; lastKnownFileType = sourcecode.swift; path = MainTimeLineDataController.swift; sourceTree = "<group>"; };
		2EF842A5251B5A94009F2656 /* BaseViewController.swift */ = {isa = PBXFileReference; fileEncoding = 4; lastKnownFileType = sourcecode.swift; path = BaseViewController.swift; sourceTree = "<group>"; };
		2EFEF92424F657C100524436 /* Fish.app */ = {isa = PBXFileReference; explicitFileType = wrapper.application; includeInIndex = 0; path = Fish.app; sourceTree = BUILT_PRODUCTS_DIR; };
		2EFEF92724F657C100524436 /* AppDelegate.swift */ = {isa = PBXFileReference; lastKnownFileType = sourcecode.swift; path = AppDelegate.swift; sourceTree = "<group>"; };
		2EFEF92924F657C100524436 /* SceneDelegate.swift */ = {isa = PBXFileReference; lastKnownFileType = sourcecode.swift; path = SceneDelegate.swift; sourceTree = "<group>"; };
		2EFEF92B24F657C100524436 /* ContentView.swift */ = {isa = PBXFileReference; lastKnownFileType = sourcecode.swift; path = ContentView.swift; sourceTree = "<group>"; };
		2EFEF92D24F657C200524436 /* Assets.xcassets */ = {isa = PBXFileReference; lastKnownFileType = folder.assetcatalog; path = Assets.xcassets; sourceTree = "<group>"; };
		2EFEF93024F657C200524436 /* Preview Assets.xcassets */ = {isa = PBXFileReference; lastKnownFileType = folder.assetcatalog; path = "Preview Assets.xcassets"; sourceTree = "<group>"; };
		2EFEF93324F657C200524436 /* Base */ = {isa = PBXFileReference; lastKnownFileType = file.storyboard; name = Base; path = Base.lproj/LaunchScreen.storyboard; sourceTree = "<group>"; };
		2EFEF93524F657C200524436 /* Info.plist */ = {isa = PBXFileReference; lastKnownFileType = text.plist.xml; path = Info.plist; sourceTree = "<group>"; };
		2EFEF93B24F7A6E300524436 /* GitHubNetworkService.swift */ = {isa = PBXFileReference; lastKnownFileType = sourcecode.swift; path = GitHubNetworkService.swift; sourceTree = "<group>"; };
		2EFEF93D24F7A7BE00524436 /* ValidationResult.swift */ = {isa = PBXFileReference; lastKnownFileType = sourcecode.swift; path = ValidationResult.swift; sourceTree = "<group>"; };
		2EFEF93F24F7A89700524436 /* GitHubSignupService.swift */ = {isa = PBXFileReference; lastKnownFileType = sourcecode.swift; path = GitHubSignupService.swift; sourceTree = "<group>"; };
		2EFEF94124F7A91100524436 /* GitHubSignupViewModel.swift */ = {isa = PBXFileReference; lastKnownFileType = sourcecode.swift; path = GitHubSignupViewModel.swift; sourceTree = "<group>"; };
		2EFEF94324F7A92D00524436 /* BindingExtensions.swift */ = {isa = PBXFileReference; lastKnownFileType = sourcecode.swift; path = BindingExtensions.swift; sourceTree = "<group>"; };
		2EFEF94524F7A95A00524436 /* LoginViewController.swift */ = {isa = PBXFileReference; lastKnownFileType = sourcecode.swift; path = LoginViewController.swift; sourceTree = "<group>"; };
		2EFEF94824F7B18100524436 /* UIColorExtension.swift */ = {isa = PBXFileReference; lastKnownFileType = sourcecode.swift; path = UIColorExtension.swift; sourceTree = "<group>"; };
		2EFEF94A24F7B97000524436 /* UIImageExtension.swift */ = {isa = PBXFileReference; lastKnownFileType = sourcecode.swift; path = UIImageExtension.swift; sourceTree = "<group>"; };
		2EFEF94C24F7B9D100524436 /* UIButtonExtension.swift */ = {isa = PBXFileReference; lastKnownFileType = sourcecode.swift; path = UIButtonExtension.swift; sourceTree = "<group>"; };
		2EFEF94E24F7D03700524436 /* BaseTextField.swift */ = {isa = PBXFileReference; lastKnownFileType = sourcecode.swift; path = BaseTextField.swift; sourceTree = "<group>"; };
		C2B649A399689F7C1FEB8D66 /* Pods-Fish.release.xcconfig */ = {isa = PBXFileReference; includeInIndex = 1; lastKnownFileType = text.xcconfig; name = "Pods-Fish.release.xcconfig"; path = "Target Support Files/Pods-Fish/Pods-Fish.release.xcconfig"; sourceTree = "<group>"; };
		F5BE89020637DEF12B2E09B9 /* Pods-Fish.debug.xcconfig */ = {isa = PBXFileReference; includeInIndex = 1; lastKnownFileType = text.xcconfig; name = "Pods-Fish.debug.xcconfig"; path = "Target Support Files/Pods-Fish/Pods-Fish.debug.xcconfig"; sourceTree = "<group>"; };
		F7F3FF73A73D4561274470A7 /* Pods_Fish.framework */ = {isa = PBXFileReference; explicitFileType = wrapper.framework; includeInIndex = 0; path = Pods_Fish.framework; sourceTree = BUILT_PRODUCTS_DIR; };
/* End PBXFileReference section */

/* Begin PBXFrameworksBuildPhase section */
		2EFEF92124F657C100524436 /* Frameworks */ = {
			isa = PBXFrameworksBuildPhase;
			buildActionMask = 2147483647;
			files = (
				DE926DAD32D569B2196C9590 /* Pods_Fish.framework in Frameworks */,
			);
			runOnlyForDeploymentPostprocessing = 0;
		};
/* End PBXFrameworksBuildPhase section */

/* Begin PBXGroup section */
		1885D23CBE36CB90389E1F78 /* Frameworks */ = {
			isa = PBXGroup;
			children = (
				F7F3FF73A73D4561274470A7 /* Pods_Fish.framework */,
			);
			name = Frameworks;
			sourceTree = "<group>";
		};
		2E17B0A225234068004904FC /* Model */ = {
			isa = PBXGroup;
			children = (
				2E17B0A025234061004904FC /* TimeLimeTaskModel.swift */,
			);
			path = Model;
			sourceTree = "<group>";
		};
		2E57432825C2790B002ADD4E /* OC */ = {
			isa = PBXGroup;
			children = (
				2EA5DC7125B580BC00741FB6 /* SFGBaseViewController.h */,
				2EA5DC7025B580BC00741FB6 /* SFGBaseViewController.m */,
				2E57432925C27927002ADD4E /* WCMacroSafeValue.h */,
			);
			path = OC;
			sourceTree = "<group>";
		};
		2E74EC442578DF6900776710 /* RxExercise */ = {
			isa = PBXGroup;
			children = (
				2E74EC452578DF9A00776710 /* RxExerciseViewController.swift */,
			);
			path = RxExercise;
			sourceTree = "<group>";
		};
		2E9C30F4251C809B00F192E8 /* View */ = {
			isa = PBXGroup;
			children = (
				2E9C30F2251C809700F192E8 /* FishToolBarStackView.swift */,
				2E17B09E25233635004904FC /* MainTimeLineTableCell.swift */,
			);
			path = View;
			sourceTree = "<group>";
		};
		2E9DD1EE2590A400004CD826 /* SwiftUI */ = {
			isa = PBXGroup;
			children = (
				2E8496C62588638500D8B7C5 /* SwiftUIExerciseView.swift */,
				2E9DD1EF2590A432004CD826 /* SwiftUIObjectBindingView.swift */,
			);
			path = SwiftUI;
			sourceTree = "<group>";
		};
		2EA830F5250F738800E59759 /* Animation */ = {
			isa = PBXGroup;
			children = (
				2EA830F8250F745800E59759 /* View */,
				2EA830F6250F73C000E59759 /* SpringInterfaceViewController.swift */,
			);
			path = Animation;
			sourceTree = "<group>";
		};
		2EA830F8250F745800E59759 /* View */ = {
			isa = PBXGroup;
			children = (
				2EA830F9250F746600E59759 /* GradientView.swift */,
			);
			path = View;
			sourceTree = "<group>";
		};
		2EE4112F26172F5F00DF74C7 /* New Group */ = {
			isa = PBXGroup;
			children = (
				2EE4113126172F7B00DF74C7 /* TestViewControllerPreview.swift */,
			);
			path = "New Group";
			sourceTree = "<group>";
		};
		2EE8FAD32566187000CFF86B /* ViewController */ = {
			isa = PBXGroup;
			children = (
				2EE4112F26172F5F00DF74C7 /* New Group */,
				2EE8FAD42566189400CFF86B /* MyCardViewController.swift */,
				2EAA6D6025C0064400817867 /* TestViewController.swift */,
				2EAA6D6325C0142600817867 /* SecondViewController.swift */,
			);
			path = ViewController;
			sourceTree = "<group>";
		};
		2EF500772523209900C1C05C /* ViewModel */ = {
			isa = PBXGroup;
			children = (
			);
			path = ViewModel;
			sourceTree = "<group>";
		};
		2EF842A1251B5883009F2656 /* Login */ = {
			isa = PBXGroup;
			children = (
				2EFEF93B24F7A6E300524436 /* GitHubNetworkService.swift */,
				2EFEF93D24F7A7BE00524436 /* ValidationResult.swift */,
				2EFEF93F24F7A89700524436 /* GitHubSignupService.swift */,
				2EFEF94124F7A91100524436 /* GitHubSignupViewModel.swift */,
				2EFEF94324F7A92D00524436 /* BindingExtensions.swift */,
				2EFEF94524F7A95A00524436 /* LoginViewController.swift */,
			);
			path = Login;
			sourceTree = "<group>";
		};
		2EF842A2251B58D3009F2656 /* MainTimeLine */ = {
			isa = PBXGroup;
			children = (
				2E17B0A225234068004904FC /* Model */,
				2EF500772523209900C1C05C /* ViewModel */,
				2E5BEB5124FFEAB80068DA1B /* MainTimeLineViewController.swift */,
				2EF500752523191200C1C05C /* MainTimeLineDataController.swift */,
				2E9C30F4251C809B00F192E8 /* View */,
			);
			path = MainTimeLine;
			sourceTree = "<group>";
		};
		2EFEF91B24F657C100524436 = {
			isa = PBXGroup;
			children = (
				2EFEF92624F657C100524436 /* Fish */,
				2EFEF92524F657C100524436 /* Products */,
				40D6C296FF82566C846CFEFD /* Pods */,
				1885D23CBE36CB90389E1F78 /* Frameworks */,
			);
			sourceTree = "<group>";
		};
		2EFEF92524F657C100524436 /* Products */ = {
			isa = PBXGroup;
			children = (
				2EFEF92424F657C100524436 /* Fish.app */,
			);
			name = Products;
			sourceTree = "<group>";
		};
		2EFEF92624F657C100524436 /* Fish */ = {
			isa = PBXGroup;
			children = (
				2E57432825C2790B002ADD4E /* OC */,
				2E9DD1EE2590A400004CD826 /* SwiftUI */,
				2E74EC442578DF6900776710 /* RxExercise */,
				2EE8FAD32566187000CFF86B /* ViewController */,
				2EF842A2251B58D3009F2656 /* MainTimeLine */,
				2EF842A1251B5883009F2656 /* Login */,
				2EA830F5250F738800E59759 /* Animation */,
				2EFEF95024F7D3A200524436 /* Fundation */,
				2EFEF94724F7B09C00524436 /* Extension */,
				2EFEF92724F657C100524436 /* AppDelegate.swift */,
				2EFEF92924F657C100524436 /* SceneDelegate.swift */,
				2EFEF92B24F657C100524436 /* ContentView.swift */,
				2EFEF92D24F657C200524436 /* Assets.xcassets */,
				2EFEF93224F657C200524436 /* LaunchScreen.storyboard */,
				2EFEF93524F657C200524436 /* Info.plist */,
				2E57438225C27D62002ADD4E /* Fish-Bridging-Header.h */,
				2EFEF92F24F657C200524436 /* Preview Content */,
			);
			path = Fish;
			sourceTree = "<group>";
		};
		2EFEF92F24F657C200524436 /* Preview Content */ = {
			isa = PBXGroup;
			children = (
				2EFEF93024F657C200524436 /* Preview Assets.xcassets */,
			);
			path = "Preview Content";
			sourceTree = "<group>";
		};
		2EFEF94724F7B09C00524436 /* Extension */ = {
			isa = PBXGroup;
			children = (
				2EAA6D3E25C0007900817867 /* NSObject+YFDDevLog.h */,
				2EAA6D3D25C0007900817867 /* NSObject+YFDDevLog.m */,
				2EAA6D4025C0007A00817867 /* UITableView+YFDDevLog.h */,
				2EAA6D3F25C0007A00817867 /* UITableView+YFDDevLog.m */,
				2E8783B025B02FA000A1F623 /* UIViewController+Preview.swift */,
				2EFEF94824F7B18100524436 /* UIColorExtension.swift */,
				2EFEF94A24F7B97000524436 /* UIImageExtension.swift */,
				2EFEF94C24F7B9D100524436 /* UIButtonExtension.swift */,
				2E9C30F9251CA63F00F192E8 /* UIViewExtension.swift */,
				2E74EC602578FB8B00776710 /* UIFontExtension.swift */,
				2E87847F25B0574700A1F623 /* UIView+Preview.swift */,
				2EAA6DF825C16B4300817867 /* NSArray+Safe.h */,
				2EAA6DF925C16B4300817867 /* NSArray+Safe.m */,
				2E8CFAD8264BBCD5007947DC /* UIViewController+TTPresentHelper.swift */,
				2EDBBE0F264D31F100C5AEB5 /* UINavigationController+TTAutorotation.swift */,
			);
			path = Extension;
			sourceTree = "<group>";
		};
		2EFEF95024F7D3A200524436 /* Fundation */ = {
			isa = PBXGroup;
			children = (
				2EF842A5251B5A94009F2656 /* BaseViewController.swift */,
				2EFEF94E24F7D03700524436 /* BaseTextField.swift */,
				2ECD68F624FD0FAF00853B7F /* FishLayoutUtils.swift */,
				2E0C96542500947D00CD37EC /* BaseButton.swift */,
				2E5BEB5524FFFABA0068DA1B /* ToastView.swift */,
				2E9C30F5251C896F00F192E8 /* FishUtils.swift */,
				2E9C30F7251CA60100F192E8 /* DashLine.swift */,
				2E99207C2521DE9A00196FEF /* FishPermissionUtils.swift */,
				2E99207F2521F2F800196FEF /* BaseControl.swift */,
				2E0E12992589C1E5006D5E6D /* FishNetworkUtils.swift */,
				2E79865625E6312100DA8EB2 /* FishFontUtils.swift */,
				2E8CFAD5264B8CD6007947DC /* Notification.swift */,
				2EDBBE12264D37A100C5AEB5 /* FishOrientationUtils.swift */,
				2ECA8C4A26521888005DDEAD /* Router.swift */,
				2ECA8C4D265219F0005DDEAD /* YTKRouterTransitionUtils.swift */,
			);
			path = Fundation;
			sourceTree = "<group>";
		};
		40D6C296FF82566C846CFEFD /* Pods */ = {
			isa = PBXGroup;
			children = (
				F5BE89020637DEF12B2E09B9 /* Pods-Fish.debug.xcconfig */,
				C2B649A399689F7C1FEB8D66 /* Pods-Fish.release.xcconfig */,
			);
			path = Pods;
			sourceTree = "<group>";
		};
/* End PBXGroup section */

/* Begin PBXNativeTarget section */
		2EFEF92324F657C100524436 /* Fish */ = {
			isa = PBXNativeTarget;
			buildConfigurationList = 2EFEF93824F657C200524436 /* Build configuration list for PBXNativeTarget "Fish" */;
			buildPhases = (
				29C9FAE60141E77263D367BE /* [CP] Check Pods Manifest.lock */,
				2EFEF92024F657C100524436 /* Sources */,
				2EFEF92124F657C100524436 /* Frameworks */,
				2EFEF92224F657C100524436 /* Resources */,
				BB3D6F15CCC5029560128AF3 /* [CP] Embed Pods Frameworks */,
			);
			buildRules = (
			);
			dependencies = (
			);
			name = Fish;
			productName = Fish;
			productReference = 2EFEF92424F657C100524436 /* Fish.app */;
			productType = "com.apple.product-type.application";
		};
/* End PBXNativeTarget section */

/* Begin PBXProject section */
		2EFEF91C24F657C100524436 /* Project object */ = {
			isa = PBXProject;
			attributes = {
				LastSwiftUpdateCheck = 1160;
				LastUpgradeCheck = 1160;
				ORGANIZATIONNAME = Tutor;
				TargetAttributes = {
					2EFEF92324F657C100524436 = {
						CreatedOnToolsVersion = 11.6;
						LastSwiftMigration = 1230;
					};
				};
			};
			buildConfigurationList = 2EFEF91F24F657C100524436 /* Build configuration list for PBXProject "Fish" */;
			compatibilityVersion = "Xcode 9.3";
			developmentRegion = en;
			hasScannedForEncodings = 0;
			knownRegions = (
				en,
				Base,
			);
			mainGroup = 2EFEF91B24F657C100524436;
			productRefGroup = 2EFEF92524F657C100524436 /* Products */;
			projectDirPath = "";
			projectRoot = "";
			targets = (
				2EFEF92324F657C100524436 /* Fish */,
			);
		};
/* End PBXProject section */

/* Begin PBXResourcesBuildPhase section */
		2EFEF92224F657C100524436 /* Resources */ = {
			isa = PBXResourcesBuildPhase;
			buildActionMask = 2147483647;
			files = (
				2EFEF93424F657C200524436 /* LaunchScreen.storyboard in Resources */,
				2EFEF93124F657C200524436 /* Preview Assets.xcassets in Resources */,
				2EFEF92E24F657C200524436 /* Assets.xcassets in Resources */,
			);
			runOnlyForDeploymentPostprocessing = 0;
		};
/* End PBXResourcesBuildPhase section */

/* Begin PBXShellScriptBuildPhase section */
		29C9FAE60141E77263D367BE /* [CP] Check Pods Manifest.lock */ = {
			isa = PBXShellScriptBuildPhase;
			buildActionMask = 2147483647;
			files = (
			);
			inputFileListPaths = (
			);
			inputPaths = (
				"${PODS_PODFILE_DIR_PATH}/Podfile.lock",
				"${PODS_ROOT}/Manifest.lock",
			);
			name = "[CP] Check Pods Manifest.lock";
			outputFileListPaths = (
			);
			outputPaths = (
				"$(DERIVED_FILE_DIR)/Pods-Fish-checkManifestLockResult.txt",
			);
			runOnlyForDeploymentPostprocessing = 0;
			shellPath = /bin/sh;
			shellScript = "diff \"${PODS_PODFILE_DIR_PATH}/Podfile.lock\" \"${PODS_ROOT}/Manifest.lock\" > /dev/null\nif [ $? != 0 ] ; then\n    # print error to STDERR\n    echo \"error: The sandbox is not in sync with the Podfile.lock. Run 'pod install' or update your CocoaPods installation.\" >&2\n    exit 1\nfi\n# This output is used by Xcode 'outputs' to avoid re-running this script phase.\necho \"SUCCESS\" > \"${SCRIPT_OUTPUT_FILE_0}\"\n";
			showEnvVarsInLog = 0;
		};
		BB3D6F15CCC5029560128AF3 /* [CP] Embed Pods Frameworks */ = {
			isa = PBXShellScriptBuildPhase;
			buildActionMask = 2147483647;
			files = (
			);
			inputFileListPaths = (
				"${PODS_ROOT}/Target Support Files/Pods-Fish/Pods-Fish-frameworks-${CONFIGURATION}-input-files.xcfilelist",
			);
			name = "[CP] Embed Pods Frameworks";
			outputFileListPaths = (
				"${PODS_ROOT}/Target Support Files/Pods-Fish/Pods-Fish-frameworks-${CONFIGURATION}-output-files.xcfilelist",
			);
			runOnlyForDeploymentPostprocessing = 0;
			shellPath = /bin/sh;
			shellScript = "\"${PODS_ROOT}/Target Support Files/Pods-Fish/Pods-Fish-frameworks.sh\"\n";
			showEnvVarsInLog = 0;
		};
/* End PBXShellScriptBuildPhase section */

/* Begin PBXSourcesBuildPhase section */
		2EFEF92024F657C100524436 /* Sources */ = {
			isa = PBXSourcesBuildPhase;
			buildActionMask = 2147483647;
			files = (
				2EAA6DFA25C16B4300817867 /* NSArray+Safe.m in Sources */,
				2E5BEB5624FFFABA0068DA1B /* ToastView.swift in Sources */,
				2ECA8C4B26521888005DDEAD /* Router.swift in Sources */,
				2E9C30F3251C809700F192E8 /* FishToolBarStackView.swift in Sources */,
				2E74EC612578FB8B00776710 /* UIFontExtension.swift in Sources */,
				2EFEF94624F7A95A00524436 /* LoginViewController.swift in Sources */,
				2EDBBE13264D37A100C5AEB5 /* FishOrientationUtils.swift in Sources */,
				2EA830FA250F746600E59759 /* GradientView.swift in Sources */,
				2E17B0A125234061004904FC /* TimeLimeTaskModel.swift in Sources */,
				2E17B09F25233635004904FC /* MainTimeLineTableCell.swift in Sources */,
				2E99207D2521DE9A00196FEF /* FishPermissionUtils.swift in Sources */,
				2E8CFAD9264BBCD5007947DC /* UIViewController+TTPresentHelper.swift in Sources */,
				2ECD68F724FD0FAF00853B7F /* FishLayoutUtils.swift in Sources */,
				2EFEF94024F7A89700524436 /* GitHubSignupService.swift in Sources */,
				2E74EC462578DF9A00776710 /* RxExerciseViewController.swift in Sources */,
				2EFEF92824F657C100524436 /* AppDelegate.swift in Sources */,
				2EA830F7250F73C000E59759 /* SpringInterfaceViewController.swift in Sources */,
				2E9C30F8251CA60100F192E8 /* DashLine.swift in Sources */,
				2EA5DC7225B580BC00741FB6 /* SFGBaseViewController.m in Sources */,
				2EAA6D6125C0064400817867 /* TestViewController.swift in Sources */,
				2EAA6D4125C0007A00817867 /* NSObject+YFDDevLog.m in Sources */,
				2EFEF94224F7A91100524436 /* GitHubSignupViewModel.swift in Sources */,
				2EAA6D6425C0142600817867 /* SecondViewController.swift in Sources */,
				2EE4113226172F7B00DF74C7 /* TestViewControllerPreview.swift in Sources */,
				2EFEF92A24F657C100524436 /* SceneDelegate.swift in Sources */,
				2EFEF94D24F7B9D100524436 /* UIButtonExtension.swift in Sources */,
				2E5BEB5224FFEAB90068DA1B /* MainTimeLineViewController.swift in Sources */,
				2EF842A6251B5A94009F2656 /* BaseViewController.swift in Sources */,
				2E79865725E6312100DA8EB2 /* FishFontUtils.swift in Sources */,
				2E8CFAD6264B8CD6007947DC /* Notification.swift in Sources */,
				2EFEF92C24F657C100524436 /* ContentView.swift in Sources */,
				2EFEF94424F7A92D00524436 /* BindingExtensions.swift in Sources */,
				2E9C30F6251C896F00F192E8 /* FishUtils.swift in Sources */,
				2EFEF94F24F7D03700524436 /* BaseTextField.swift in Sources */,
				2E0C96552500947D00CD37EC /* BaseButton.swift in Sources */,
				2EAA6D4225C0007A00817867 /* UITableView+YFDDevLog.m in Sources */,
				2ECA8C4E265219F0005DDEAD /* YTKRouterTransitionUtils.swift in Sources */,
				2EE8FAD52566189400CFF86B /* MyCardViewController.swift in Sources */,
				2E8496C72588638500D8B7C5 /* SwiftUIExerciseView.swift in Sources */,
				2EDBBE10264D31F100C5AEB5 /* UINavigationController+TTAutorotation.swift in Sources */,
				2E9C30FA251CA63F00F192E8 /* UIViewExtension.swift in Sources */,
				2E8783B125B02FA000A1F623 /* UIViewController+Preview.swift in Sources */,
				2EF500762523191200C1C05C /* MainTimeLineDataController.swift in Sources */,
				2E87848025B0574700A1F623 /* UIView+Preview.swift in Sources */,
				2E9DD1F02590A432004CD826 /* SwiftUIObjectBindingView.swift in Sources */,
				2EFEF93E24F7A7BE00524436 /* ValidationResult.swift in Sources */,
				2E9920802521F2F800196FEF /* BaseControl.swift in Sources */,
				2E0E129A2589C1E5006D5E6D /* FishNetworkUtils.swift in Sources */,
				2EFEF93C24F7A6E300524436 /* GitHubNetworkService.swift in Sources */,
				2EFEF94B24F7B97000524436 /* UIImageExtension.swift in Sources */,
				2EFEF94924F7B18100524436 /* UIColorExtension.swift in Sources */,
			);
			runOnlyForDeploymentPostprocessing = 0;
		};
/* End PBXSourcesBuildPhase section */

/* Begin PBXVariantGroup section */
		2EFEF93224F657C200524436 /* LaunchScreen.storyboard */ = {
			isa = PBXVariantGroup;
			children = (
				2EFEF93324F657C200524436 /* Base */,
			);
			name = LaunchScreen.storyboard;
			sourceTree = "<group>";
		};
/* End PBXVariantGroup section */

/* Begin XCBuildConfiguration section */
		2EFEF93624F657C200524436 /* Debug */ = {
			isa = XCBuildConfiguration;
			buildSettings = {
				ALWAYS_SEARCH_USER_PATHS = NO;
				CLANG_ANALYZER_NONNULL = YES;
				CLANG_ANALYZER_NUMBER_OBJECT_CONVERSION = YES_AGGRESSIVE;
				CLANG_CXX_LANGUAGE_STANDARD = "gnu++14";
				CLANG_CXX_LIBRARY = "libc++";
				CLANG_ENABLE_MODULES = YES;
				CLANG_ENABLE_OBJC_ARC = YES;
				CLANG_ENABLE_OBJC_WEAK = YES;
				CLANG_WARN_BLOCK_CAPTURE_AUTORELEASING = YES;
				CLANG_WARN_BOOL_CONVERSION = YES;
				CLANG_WARN_COMMA = YES;
				CLANG_WARN_CONSTANT_CONVERSION = YES;
				CLANG_WARN_DEPRECATED_OBJC_IMPLEMENTATIONS = YES;
				CLANG_WARN_DIRECT_OBJC_ISA_USAGE = YES_ERROR;
				CLANG_WARN_DOCUMENTATION_COMMENTS = YES;
				CLANG_WARN_EMPTY_BODY = YES;
				CLANG_WARN_ENUM_CONVERSION = YES;
				CLANG_WARN_INFINITE_RECURSION = YES;
				CLANG_WARN_INT_CONVERSION = YES;
				CLANG_WARN_NON_LITERAL_NULL_CONVERSION = YES;
				CLANG_WARN_OBJC_IMPLICIT_RETAIN_SELF = YES;
				CLANG_WARN_OBJC_LITERAL_CONVERSION = YES;
				CLANG_WARN_OBJC_ROOT_CLASS = YES_ERROR;
				CLANG_WARN_RANGE_LOOP_ANALYSIS = YES;
				CLANG_WARN_STRICT_PROTOTYPES = YES;
				CLANG_WARN_SUSPICIOUS_MOVE = YES;
				CLANG_WARN_UNGUARDED_AVAILABILITY = YES_AGGRESSIVE;
				CLANG_WARN_UNREACHABLE_CODE = YES;
				CLANG_WARN__DUPLICATE_METHOD_MATCH = YES;
				COPY_PHASE_STRIP = NO;
				DEBUG_INFORMATION_FORMAT = dwarf;
				ENABLE_STRICT_OBJC_MSGSEND = YES;
				ENABLE_TESTABILITY = YES;
				GCC_C_LANGUAGE_STANDARD = gnu11;
				GCC_DYNAMIC_NO_PIC = NO;
				GCC_NO_COMMON_BLOCKS = YES;
				GCC_OPTIMIZATION_LEVEL = 0;
				GCC_PREPROCESSOR_DEFINITIONS = (
					"DEBUG=1",
					"$(inherited)",
				);
				GCC_WARN_64_TO_32_BIT_CONVERSION = YES;
				GCC_WARN_ABOUT_RETURN_TYPE = YES_ERROR;
				GCC_WARN_UNDECLARED_SELECTOR = YES;
				GCC_WARN_UNINITIALIZED_AUTOS = YES_AGGRESSIVE;
				GCC_WARN_UNUSED_FUNCTION = YES;
				GCC_WARN_UNUSED_VARIABLE = YES;
				IPHONEOS_DEPLOYMENT_TARGET = 14.0;
				MTL_ENABLE_DEBUG_INFO = INCLUDE_SOURCE;
				MTL_FAST_MATH = YES;
				ONLY_ACTIVE_ARCH = YES;
				SDKROOT = iphoneos;
				SWIFT_ACTIVE_COMPILATION_CONDITIONS = DEBUG;
				SWIFT_OBJC_BRIDGING_HEADER = "";
				SWIFT_OPTIMIZATION_LEVEL = "-Onone";
			};
			name = Debug;
		};
		2EFEF93724F657C200524436 /* Release */ = {
			isa = XCBuildConfiguration;
			buildSettings = {
				ALWAYS_SEARCH_USER_PATHS = NO;
				CLANG_ANALYZER_NONNULL = YES;
				CLANG_ANALYZER_NUMBER_OBJECT_CONVERSION = YES_AGGRESSIVE;
				CLANG_CXX_LANGUAGE_STANDARD = "gnu++14";
				CLANG_CXX_LIBRARY = "libc++";
				CLANG_ENABLE_MODULES = YES;
				CLANG_ENABLE_OBJC_ARC = YES;
				CLANG_ENABLE_OBJC_WEAK = YES;
				CLANG_WARN_BLOCK_CAPTURE_AUTORELEASING = YES;
				CLANG_WARN_BOOL_CONVERSION = YES;
				CLANG_WARN_COMMA = YES;
				CLANG_WARN_CONSTANT_CONVERSION = YES;
				CLANG_WARN_DEPRECATED_OBJC_IMPLEMENTATIONS = YES;
				CLANG_WARN_DIRECT_OBJC_ISA_USAGE = YES_ERROR;
				CLANG_WARN_DOCUMENTATION_COMMENTS = YES;
				CLANG_WARN_EMPTY_BODY = YES;
				CLANG_WARN_ENUM_CONVERSION = YES;
				CLANG_WARN_INFINITE_RECURSION = YES;
				CLANG_WARN_INT_CONVERSION = YES;
				CLANG_WARN_NON_LITERAL_NULL_CONVERSION = YES;
				CLANG_WARN_OBJC_IMPLICIT_RETAIN_SELF = YES;
				CLANG_WARN_OBJC_LITERAL_CONVERSION = YES;
				CLANG_WARN_OBJC_ROOT_CLASS = YES_ERROR;
				CLANG_WARN_RANGE_LOOP_ANALYSIS = YES;
				CLANG_WARN_STRICT_PROTOTYPES = YES;
				CLANG_WARN_SUSPICIOUS_MOVE = YES;
				CLANG_WARN_UNGUARDED_AVAILABILITY = YES_AGGRESSIVE;
				CLANG_WARN_UNREACHABLE_CODE = YES;
				CLANG_WARN__DUPLICATE_METHOD_MATCH = YES;
				COPY_PHASE_STRIP = NO;
				DEBUG_INFORMATION_FORMAT = "dwarf-with-dsym";
				ENABLE_NS_ASSERTIONS = NO;
				ENABLE_STRICT_OBJC_MSGSEND = YES;
				GCC_C_LANGUAGE_STANDARD = gnu11;
				GCC_NO_COMMON_BLOCKS = YES;
				GCC_WARN_64_TO_32_BIT_CONVERSION = YES;
				GCC_WARN_ABOUT_RETURN_TYPE = YES_ERROR;
				GCC_WARN_UNDECLARED_SELECTOR = YES;
				GCC_WARN_UNINITIALIZED_AUTOS = YES_AGGRESSIVE;
				GCC_WARN_UNUSED_FUNCTION = YES;
				GCC_WARN_UNUSED_VARIABLE = YES;
				IPHONEOS_DEPLOYMENT_TARGET = 14.0;
				MTL_ENABLE_DEBUG_INFO = NO;
				MTL_FAST_MATH = YES;
				SDKROOT = iphoneos;
				SWIFT_COMPILATION_MODE = wholemodule;
				SWIFT_OBJC_BRIDGING_HEADER = "";
				SWIFT_OPTIMIZATION_LEVEL = "-O";
				VALIDATE_PRODUCT = YES;
			};
			name = Release;
		};
		2EFEF93924F657C200524436 /* Debug */ = {
			isa = XCBuildConfiguration;
			baseConfigurationReference = F5BE89020637DEF12B2E09B9 /* Pods-Fish.debug.xcconfig */;
			buildSettings = {
				ASSETCATALOG_COMPILER_APPICON_NAME = AppIcon;
				CLANG_ENABLE_MODULES = YES;
				CODE_SIGN_STYLE = Automatic;
				DEVELOPMENT_ASSET_PATHS = "";
				DEVELOPMENT_TEAM = GS8ZTW7RZ6;
				ENABLE_PREVIEWS = YES;
				INFOPLIST_FILE = Fish/Info.plist;
				IPHONEOS_DEPLOYMENT_TARGET = 14.0;
				LD_RUNPATH_SEARCH_PATHS = (
					"$(inherited)",
					"@executable_path/Frameworks",
				);
				PRODUCT_BUNDLE_IDENTIFIER = com.Tutor.Tests.Fish;
				PRODUCT_NAME = "$(TARGET_NAME)";
				SWIFT_OBJC_BRIDGING_HEADER = "Fish/Fish-Bridging-Header.h";
				SWIFT_OPTIMIZATION_LEVEL = "-Onone";
				SWIFT_VERSION = 5.0;
				TARGETED_DEVICE_FAMILY = "1,2";
			};
			name = Debug;
		};
		2EFEF93A24F657C200524436 /* Release */ = {
			isa = XCBuildConfiguration;
			baseConfigurationReference = C2B649A399689F7C1FEB8D66 /* Pods-Fish.release.xcconfig */;
			buildSettings = {
				ASSETCATALOG_COMPILER_APPICON_NAME = AppIcon;
				CLANG_ENABLE_MODULES = YES;
				CODE_SIGN_STYLE = Automatic;
				DEVELOPMENT_ASSET_PATHS = "";
				DEVELOPMENT_TEAM = GS8ZTW7RZ6;
				ENABLE_PREVIEWS = YES;
				INFOPLIST_FILE = Fish/Info.plist;
				IPHONEOS_DEPLOYMENT_TARGET = 14.0;
				LD_RUNPATH_SEARCH_PATHS = (
					"$(inherited)",
					"@executable_path/Frameworks",
				);
				PRODUCT_BUNDLE_IDENTIFIER = com.Tutor.Tests.Fish;
				PRODUCT_NAME = "$(TARGET_NAME)";
				SWIFT_OBJC_BRIDGING_HEADER = "Fish/Fish-Bridging-Header.h";
				SWIFT_VERSION = 5.0;
				TARGETED_DEVICE_FAMILY = "1,2";
			};
			name = Release;
		};
/* End XCBuildConfiguration section */

/* Begin XCConfigurationList section */
		2EFEF91F24F657C100524436 /* Build configuration list for PBXProject "Fish" */ = {
			isa = XCConfigurationList;
			buildConfigurations = (
				2EFEF93624F657C200524436 /* Debug */,
				2EFEF93724F657C200524436 /* Release */,
			);
			defaultConfigurationIsVisible = 0;
			defaultConfigurationName = Release;
		};
		2EFEF93824F657C200524436 /* Build configuration list for PBXNativeTarget "Fish" */ = {
			isa = XCConfigurationList;
			buildConfigurations = (
				2EFEF93924F657C200524436 /* Debug */,
				2EFEF93A24F657C200524436 /* Release */,
			);
			defaultConfigurationIsVisible = 0;
			defaultConfigurationName = Release;
		};
/* End XCConfigurationList section */
	};
	rootObject = 2EFEF91C24F657C100524436 /* Project object */;
}
